
Microsoft Visual Studio Solution File, Format Version 12.00
# Visual Studio Version 16
VisualStudioVersion = 16.0.31321.278
MinimumVisualStudioVersion = 10.0.40219.1
Project("{2150E333-8FDC-42A3-9474-1A3956D46DE8}") = "source", "source", "{35E4E6FD-E87C-45C9-9989-DA2D853C1008}"
EndProject
Project("{9A19103F-16F7-4668-BE54-9A1E7A4F7556}") = "Application", "source\Application\Application.csproj", "{D88EF850-5243-4FB1-895E-9F543386AFCA}"
EndProject
Project("{9A19103F-16F7-4668-BE54-9A1E7A4F7556}") = "ChessUI", "source\ChessUI\ChessUI.csproj", "{F6ED1A16-B0AA-4125-A728-36188A063602}"
EndProject
Project("{2150E333-8FDC-42A3-9474-1A3956D46DE8}") = "test", "test", "{562C4A55-C880-4B97-87F1-FBDAFB7A7611}"
EndProject
Project("{9A19103F-16F7-4668-BE54-9A1E7A4F7556}") = "PieceUnitTests", "test\PieceUnitTests\PieceUnitTests.csproj", "{930A9908-80DD-4AE1-8A8E-1EA1CCF4DBB0}"
EndProject
Project("{9A19103F-16F7-4668-BE54-9A1E7A4F7556}") = "BoardUnitTests", "test\BoardUnitTests\BoardUnitTests.csproj", "{19443FF0-3144-4DEA-8D97-E6764F4F56C1}"
EndProject
Project("{9A19103F-16F7-4668-BE54-9A1E7A4F7556}") = "MockLibrary", "test\MockLibrary\MockLibrary.csproj", "{EBFAFFEA-D908-422E-85D5-781C6CACAA04}"
EndProject
Project("{FAE04EC0-301F-11D3-BF4B-00C04F79EFBC}") = "ChessAITest", "test\ChessAITest\ChessAITest.csproj", "{1EBF5B64-9C3C-4B90-AE1E-B5EFEF68076A}"
EndProject
Global
	GlobalSection(SolutionConfigurationPlatforms) = preSolution
		Debug|Any CPU = Debug|Any CPU
		Release|Any CPU = Release|Any CPU
	EndGlobalSection
	GlobalSection(ProjectConfigurationPlatforms) = postSolution
		{D88EF850-5243-4FB1-895E-9F543386AFCA}.Debug|Any CPU.ActiveCfg = Debug|Any CPU
		{D88EF850-5243-4FB1-895E-9F543386AFCA}.Debug|Any CPU.Build.0 = Debug|Any CPU
		{D88EF850-5243-4FB1-895E-9F543386AFCA}.Release|Any CPU.ActiveCfg = Release|Any CPU
		{D88EF850-5243-4FB1-895E-9F543386AFCA}.Release|Any CPU.Build.0 = Release|Any CPU
		{F6ED1A16-B0AA-4125-A728-36188A063602}.Debug|Any CPU.ActiveCfg = Debug|Any CPU
		{F6ED1A16-B0AA-4125-A728-36188A063602}.Debug|Any CPU.Build.0 = Debug|Any CPU
		{F6ED1A16-B0AA-4125-A728-36188A063602}.Release|Any CPU.ActiveCfg = Release|Any CPU
		{F6ED1A16-B0AA-4125-A728-36188A063602}.Release|Any CPU.Build.0 = Release|Any CPU
		{930A9908-80DD-4AE1-8A8E-1EA1CCF4DBB0}.Debug|Any CPU.ActiveCfg = Debug|Any CPU
		{930A9908-80DD-4AE1-8A8E-1EA1CCF4DBB0}.Debug|Any CPU.Build.0 = Debug|Any CPU
		{930A9908-80DD-4AE1-8A8E-1EA1CCF4DBB0}.Release|Any CPU.ActiveCfg = Release|Any CPU
		{930A9908-80DD-4AE1-8A8E-1EA1CCF4DBB0}.Release|Any CPU.Build.0 = Release|Any CPU
		{19443FF0-3144-4DEA-8D97-E6764F4F56C1}.Debug|Any CPU.ActiveCfg = Debug|Any CPU
		{19443FF0-3144-4DEA-8D97-E6764F4F56C1}.Debug|Any CPU.Build.0 = Debug|Any CPU
		{19443FF0-3144-4DEA-8D97-E6764F4F56C1}.Release|Any CPU.ActiveCfg = Release|Any CPU
		{19443FF0-3144-4DEA-8D97-E6764F4F56C1}.Release|Any CPU.Build.0 = Release|Any CPU
		{EBFAFFEA-D908-422E-85D5-781C6CACAA04}.Debug|Any CPU.ActiveCfg = Debug|Any CPU
		{EBFAFFEA-D908-422E-85D5-781C6CACAA04}.Debug|Any CPU.Build.0 = Debug|Any CPU
		{EBFAFFEA-D908-422E-85D5-781C6CACAA04}.Release|Any CPU.ActiveCfg = Release|Any CPU
		{EBFAFFEA-D908-422E-85D5-781C6CACAA04}.Release|Any CPU.Build.0 = Release|Any CPU
		{E45E68CE-5FEF-45D2-879C-383226169514}.Debug|Any CPU.ActiveCfg = Debug|Any CPU
		{E45E68CE-5FEF-45D2-879C-383226169514}.Debug|Any CPU.Build.0 = Debug|Any CPU
		{E45E68CE-5FEF-45D2-879C-383226169514}.Release|Any CPU.ActiveCfg = Release|Any CPU
		{E45E68CE-5FEF-45D2-879C-383226169514}.Release|Any CPU.Build.0 = Release|Any CPU
		{1EBF5B64-9C3C-4B90-AE1E-B5EFEF68076A}.Debug|Any CPU.ActiveCfg = Debug|Any CPU
		{1EBF5B64-9C3C-4B90-AE1E-B5EFEF68076A}.Debug|Any CPU.Build.0 = Debug|Any CPU
		{1EBF5B64-9C3C-4B90-AE1E-B5EFEF68076A}.Release|Any CPU.ActiveCfg = Release|Any CPU
		{1EBF5B64-9C3C-4B90-AE1E-B5EFEF68076A}.Release|Any CPU.Build.0 = Release|Any CPU
	EndGlobalSection
	GlobalSection(SolutionProperties) = preSolution
		HideSolutionNode = FALSE
	EndGlobalSection
	GlobalSection(NestedProjects) = preSolution
		{D88EF850-5243-4FB1-895E-9F543386AFCA} = {35E4E6FD-E87C-45C9-9989-DA2D853C1008}
		{F6ED1A16-B0AA-4125-A728-36188A063602} = {35E4E6FD-E87C-45C9-9989-DA2D853C1008}
		{930A9908-80DD-4AE1-8A8E-1EA1CCF4DBB0} = {562C4A55-C880-4B97-87F1-FBDAFB7A7611}
		{19443FF0-3144-4DEA-8D97-E6764F4F56C1} = {562C4A55-C880-4B97-87F1-FBDAFB7A7611}
		{EBFAFFEA-D908-422E-85D5-781C6CACAA04} = {562C4A55-C880-4B97-87F1-FBDAFB7A7611}
		{E45E68CE-5FEF-45D2-879C-383226169514} = {35E4E6FD-E87C-45C9-9989-DA2D853C1008}
		{1EBF5B64-9C3C-4B90-AE1E-B5EFEF68076A} = {562C4A55-C880-4B97-87F1-FBDAFB7A7611}
	EndGlobalSection
	GlobalSection(ExtensibilityGlobals) = postSolution
		SolutionGuid = {B852C56B-714C-435B-9990-F6A79F263900}
	EndGlobalSection
EndGlobal
